
Microsoft Visual Studio Solution File, Format Version 12.00
# Visual Studio Version 17
VisualStudioVersion = 17.9.34407.89
MinimumVisualStudioVersion = 10.0.40219.1
Project("{9A19103F-16F7-4668-BE54-9A1E7A4F7556}") = "VideoGameSSR", "VideoGameSSR\VideoGameSSR.csproj", "{281CA8EB-9A55-49C1-A054-8767A2B72F2A}"
EndProject
Global
	GlobalSection(SolutionConfigurationPlatforms) = preSolution
		Debug|Any CPU = Debug|Any CPU
		Release|Any CPU = Release|Any CPU
	EndGlobalSection
	GlobalSection(ProjectConfigurationPlatforms) = postSolution
		{281CA8EB-9A55-49C1-A054-8767A2B72F2A}.Debug|Any CPU.ActiveCfg = Debug|Any CPU
		{281CA8EB-9A55-49C1-A054-8767A2B72F2A}.Debug|Any CPU.Build.0 = Debug|Any CPU
		{281CA8EB-9A55-49C1-A054-8767A2B72F2A}.Release|Any CPU.ActiveCfg = Release|Any CPU
		{281CA8EB-9A55-49C1-A054-8767A2B72F2A}.Release|Any CPU.Build.0 = Release|Any CPU
	EndGlobalSection
	GlobalSection(SolutionProperties) = preSolution
		HideSolutionNode = FALSE
	EndGlobalSection
	GlobalSection(ExtensibilityGlobals) = postSolution
		SolutionGuid = {518795D7-D51F-4974-A427-53DC6FF03019}
	EndGlobalSection
EndGlobal
